
Microsoft Visual Studio Solution File, Format Version 12.00
# Visual Studio Version 16
VisualStudioVersion = 16.0.32126.315
MinimumVisualStudioVersion = 10.0.40219.1
Project("{2150E333-8FDC-42A3-9474-1A3956D46DE8}") = "1. Core", "1. Core", "{EF2C4030-6F3A-4109-8583-4AF2DA4E8A97}"
EndProject
Project("{9A19103F-16F7-4668-BE54-9A1E7A4F7556}") = "NotSoBoring.Domain", "NotSoBoring.Domain\NotSoBoring.Domain.csproj", "{3A699288-ADC0-443F-A942-2CAAF1C8D91F}"
EndProject
Project("{9A19103F-16F7-4668-BE54-9A1E7A4F7556}") = "NotSoBoring.DataAccess", "NotSoBoring.DataAccess\NotSoBoring.DataAccess.csproj", "{BCFBDAFB-7876-44B0-BE45-06BE389D05F2}"
EndProject
Project("{2150E333-8FDC-42A3-9474-1A3956D46DE8}") = "2. Service", "2. Service", "{A33A2940-08B3-4C1F-8136-76C1634014B5}"
EndProject
Project("{2150E333-8FDC-42A3-9474-1A3956D46DE8}") = "3. EndPoint", "3. EndPoint", "{FFABB27C-3590-4C53-817E-1D3767AA9327}"
EndProject
Project("{9A19103F-16F7-4668-BE54-9A1E7A4F7556}") = "NotSoBoring.ConsoleApp", "NotSoBoring.ConsoleApp\NotSoBoring.ConsoleApp.csproj", "{15AA285A-5C08-495B-A8FD-B8926E36C364}"
EndProject
Project("{9A19103F-16F7-4668-BE54-9A1E7A4F7556}") = "NotSoBoring.WebHook", "NotSoBoring.WebHook\NotSoBoring.WebHook.csproj", "{A4F7C4B2-04C1-4D57-8EE1-B0B61E2CD1D4}"
EndProject
Project("{FAE04EC0-301F-11D3-BF4B-00C04F79EFBC}") = "NotSoBoring.Matchmaking", "NotSoBoring.Matchmaking\NotSoBoring.Matchmaking.csproj", "{3801793C-F961-4A19-BF90-4F13A643AF4A}"
EndProject
Global
	GlobalSection(SolutionConfigurationPlatforms) = preSolution
		Debug|Any CPU = Debug|Any CPU
		Release|Any CPU = Release|Any CPU
	EndGlobalSection
	GlobalSection(ProjectConfigurationPlatforms) = postSolution
		{3A699288-ADC0-443F-A942-2CAAF1C8D91F}.Debug|Any CPU.ActiveCfg = Debug|Any CPU
		{3A699288-ADC0-443F-A942-2CAAF1C8D91F}.Debug|Any CPU.Build.0 = Debug|Any CPU
		{3A699288-ADC0-443F-A942-2CAAF1C8D91F}.Release|Any CPU.ActiveCfg = Release|Any CPU
		{3A699288-ADC0-443F-A942-2CAAF1C8D91F}.Release|Any CPU.Build.0 = Release|Any CPU
		{BCFBDAFB-7876-44B0-BE45-06BE389D05F2}.Debug|Any CPU.ActiveCfg = Debug|Any CPU
		{BCFBDAFB-7876-44B0-BE45-06BE389D05F2}.Debug|Any CPU.Build.0 = Debug|Any CPU
		{BCFBDAFB-7876-44B0-BE45-06BE389D05F2}.Release|Any CPU.ActiveCfg = Release|Any CPU
		{BCFBDAFB-7876-44B0-BE45-06BE389D05F2}.Release|Any CPU.Build.0 = Release|Any CPU
		{15AA285A-5C08-495B-A8FD-B8926E36C364}.Debug|Any CPU.ActiveCfg = Debug|Any CPU
		{15AA285A-5C08-495B-A8FD-B8926E36C364}.Debug|Any CPU.Build.0 = Debug|Any CPU
		{15AA285A-5C08-495B-A8FD-B8926E36C364}.Release|Any CPU.ActiveCfg = Release|Any CPU
		{15AA285A-5C08-495B-A8FD-B8926E36C364}.Release|Any CPU.Build.0 = Release|Any CPU
		{A4F7C4B2-04C1-4D57-8EE1-B0B61E2CD1D4}.Debug|Any CPU.ActiveCfg = Debug|Any CPU
		{A4F7C4B2-04C1-4D57-8EE1-B0B61E2CD1D4}.Debug|Any CPU.Build.0 = Debug|Any CPU
		{A4F7C4B2-04C1-4D57-8EE1-B0B61E2CD1D4}.Release|Any CPU.ActiveCfg = Release|Any CPU
		{A4F7C4B2-04C1-4D57-8EE1-B0B61E2CD1D4}.Release|Any CPU.Build.0 = Release|Any CPU
		{3801793C-F961-4A19-BF90-4F13A643AF4A}.Debug|Any CPU.ActiveCfg = Debug|Any CPU
		{3801793C-F961-4A19-BF90-4F13A643AF4A}.Debug|Any CPU.Build.0 = Debug|Any CPU
		{3801793C-F961-4A19-BF90-4F13A643AF4A}.Release|Any CPU.ActiveCfg = Release|Any CPU
		{3801793C-F961-4A19-BF90-4F13A643AF4A}.Release|Any CPU.Build.0 = Release|Any CPU
	EndGlobalSection
	GlobalSection(SolutionProperties) = preSolution
		HideSolutionNode = FALSE
	EndGlobalSection
	GlobalSection(NestedProjects) = preSolution
		{3A699288-ADC0-443F-A942-2CAAF1C8D91F} = {EF2C4030-6F3A-4109-8583-4AF2DA4E8A97}
		{BCFBDAFB-7876-44B0-BE45-06BE389D05F2} = {EF2C4030-6F3A-4109-8583-4AF2DA4E8A97}
		{15AA285A-5C08-495B-A8FD-B8926E36C364} = {FFABB27C-3590-4C53-817E-1D3767AA9327}
		{A4F7C4B2-04C1-4D57-8EE1-B0B61E2CD1D4} = {FFABB27C-3590-4C53-817E-1D3767AA9327}
		{3801793C-F961-4A19-BF90-4F13A643AF4A} = {A33A2940-08B3-4C1F-8136-76C1634014B5}
	EndGlobalSection
	GlobalSection(ExtensibilityGlobals) = postSolution
		SolutionGuid = {2DA89F1F-3CD6-4C1A-A600-98853E7E3192}
	EndGlobalSection
EndGlobal
